<Solution>
  <Folder Name="/src/">
    <Project Path="src/VaultLedger.Application/VaultLedger.Application.csproj" />
    <Project Path="src/VaultLedger.Domain/VaultLedger.Domain.csproj" />
    <Project Path="src/VaultLedger.Infrastructure/VaultLedger.Infrastructure.csproj" />
  </Folder>
</Solution>
